
Microsoft Visual Studio Solution File, Format Version 12.00
# Visual Studio 14
VisualStudioVersion = 14.0.25123.0
MinimumVisualStudioVersion = 10.0.40219.1
Project("{FAE04EC0-301F-11D3-BF4B-00C04F79EFBC}") = "AppRiego", "AppRiego\AppRiego.csproj", "{AA081987-A7F0-45D7-82DF-00B517FE84C4}"
EndProject
Global
	GlobalSection(SolutionConfigurationPlatforms) = preSolution
		Debug|Any CPU = Debug|Any CPU
		Release|Any CPU = Release|Any CPU
	EndGlobalSection
	GlobalSection(ProjectConfigurationPlatforms) = postSolution
		{AA081987-A7F0-45D7-82DF-00B517FE84C4}.Debug|Any CPU.ActiveCfg = Debug|Any CPU
		{AA081987-A7F0-45D7-82DF-00B517FE84C4}.Debug|Any CPU.Build.0 = Debug|Any CPU
		{AA081987-A7F0-45D7-82DF-00B517FE84C4}.Release|Any CPU.ActiveCfg = Release|Any CPU
		{AA081987-A7F0-45D7-82DF-00B517FE84C4}.Release|Any CPU.Build.0 = Release|Any CPU
	EndGlobalSection
	GlobalSection(SolutionProperties) = preSolution
		HideSolutionNode = FALSE
	EndGlobalSection
EndGlobal
